PODS:
  - Alamofire (5.10.2)
  - Masonry (1.1.0)
  - Moya (15.0.0):
    - Moya/Core (= 15.0.0)
  - Moya/Combine (15.0.0):
    - Moya/Core
  - Moya/Core (15.0.0):
    - Alamofire (~> 5.0)
  - NetworkManager (1.0.0):
    - Alamofire (~> 5.0)
    - Moya (~> 15.0)
    - Moya/Combine (~> 15.0)
  - SnapKit (5.7.1)

DEPENDENCIES:
  - Masonry
  - Moya (~> 15.0)
  - Moya/Combine (~> 15.0)
  - NetworkManager (from `NetworkManager`)
  - SnapKit (~> 5.7.1)

SPEC REPOS:
  trunk:
    - Alamofire
    - Masonry
    - Moya
    - SnapKit

EXTERNAL SOURCES:
  NetworkManager:
    :path: NetworkManager

SPEC CHECKSUMS:
  Alamofire: 7193b3b92c74a07f85569e1a6c4f4237291e7496
  Masonry: 678fab65091a9290e40e2832a55e7ab731aad201
  Moya: 138f0573e53411fb3dc17016add0b748dfbd78ee
  NetworkManager: d732c91d5ea0c33c4a3cdf908bb712c51fda8eee
  SnapKit: d612e99e678a2d3b95bf60b0705ed0a35c03484a

PODFILE CHECKSUM: ee61b7f1e4dbf726537931918e7d83bf2fe81dd8

COCOAPODS: 1.16.2
